
Microsoft Visual Studio Solution File, Format Version 12.00
Project("{FAE04EC0-301F-11D3-BF4B-00C04F79EFBC}") = "HelloWorldFunction", "..\HelloWorldFunction.csproj", "{1A284EC9-8F20-4BC7-B236-F59804852E1B}"
EndProject
Project("{FAE04EC0-301F-11D3-BF4B-00C04F79EFBC}") = "HelloWorld.Tests", "..\..\..\test\HelloWorld.Tests\HelloWorld.Tests.csproj", "{2A7FCE88-F452-4423-BCDC-52709E77A644}"
EndProject
Global
	GlobalSection(SolutionConfigurationPlatforms) = preSolution
		Debug|Any CPU = Debug|Any CPU
		Release|Any CPU = Release|Any CPU
	EndGlobalSection
	GlobalSection(ProjectConfigurationPlatforms) = postSolution
		{1A284EC9-8F20-4BC7-B236-F59804852E1B}.Debug|Any CPU.ActiveCfg = Debug|Any CPU
		{1A284EC9-8F20-4BC7-B236-F59804852E1B}.Debug|Any CPU.Build.0 = Debug|Any CPU
		{1A284EC9-8F20-4BC7-B236-F59804852E1B}.Release|Any CPU.ActiveCfg = Release|Any CPU
		{1A284EC9-8F20-4BC7-B236-F59804852E1B}.Release|Any CPU.Build.0 = Release|Any CPU
		{2A7FCE88-F452-4423-BCDC-52709E77A644}.Debug|Any CPU.ActiveCfg = Debug|Any CPU
		{2A7FCE88-F452-4423-BCDC-52709E77A644}.Debug|Any CPU.Build.0 = Debug|Any CPU
		{2A7FCE88-F452-4423-BCDC-52709E77A644}.Release|Any CPU.ActiveCfg = Release|Any CPU
		{2A7FCE88-F452-4423-BCDC-52709E77A644}.Release|Any CPU.Build.0 = Release|Any CPU
	EndGlobalSection
EndGlobal
